
Microsoft Visual Studio Solution File, Format Version 12.00
# Visual Studio Version 17
VisualStudioVersion = 17.9.34622.214
MinimumVisualStudioVersion = 10.0.40219.1
Project("{FAE04EC0-301F-11D3-BF4B-00C04F79EFBC}") = "ShopCaKoi.WebApplication", "ShopCaKoi.WebApplication\ShopCaKoi.WebApplication.csproj", "{F4D6E6A7-296F-440B-8CEE-C35C395E9260}"
EndProject
Project("{FAE04EC0-301F-11D3-BF4B-00C04F79EFBC}") = "ShopCaKoi.Sevices", "ShopCaKoi.Sevices\ShopCaKoi.Sevices.csproj", "{4D330321-921A-4049-91FC-AAECDD1C7707}"
EndProject
Project("{FAE04EC0-301F-11D3-BF4B-00C04F79EFBC}") = "ShopCaKoi.Repositores", "ShopCaKoi.Repositores\ShopCaKoi.Repositores.csproj", "{BC1876F4-7C24-43C6-A761-DF149D0116D1}"
EndProject
Global
	GlobalSection(SolutionConfigurationPlatforms) = preSolution
		Debug|Any CPU = Debug|Any CPU
		Release|Any CPU = Release|Any CPU
	EndGlobalSection
	GlobalSection(ProjectConfigurationPlatforms) = postSolution
		{F4D6E6A7-296F-440B-8CEE-C35C395E9260}.Debug|Any CPU.ActiveCfg = Debug|Any CPU
		{F4D6E6A7-296F-440B-8CEE-C35C395E9260}.Debug|Any CPU.Build.0 = Debug|Any CPU
		{F4D6E6A7-296F-440B-8CEE-C35C395E9260}.Release|Any CPU.ActiveCfg = Release|Any CPU
		{F4D6E6A7-296F-440B-8CEE-C35C395E9260}.Release|Any CPU.Build.0 = Release|Any CPU
		{4D330321-921A-4049-91FC-AAECDD1C7707}.Debug|Any CPU.ActiveCfg = Debug|Any CPU
		{4D330321-921A-4049-91FC-AAECDD1C7707}.Debug|Any CPU.Build.0 = Debug|Any CPU
		{4D330321-921A-4049-91FC-AAECDD1C7707}.Release|Any CPU.ActiveCfg = Release|Any CPU
		{4D330321-921A-4049-91FC-AAECDD1C7707}.Release|Any CPU.Build.0 = Release|Any CPU
		{BC1876F4-7C24-43C6-A761-DF149D0116D1}.Debug|Any CPU.ActiveCfg = Debug|Any CPU
		{BC1876F4-7C24-43C6-A761-DF149D0116D1}.Debug|Any CPU.Build.0 = Debug|Any CPU
		{BC1876F4-7C24-43C6-A761-DF149D0116D1}.Release|Any CPU.ActiveCfg = Release|Any CPU
		{BC1876F4-7C24-43C6-A761-DF149D0116D1}.Release|Any CPU.Build.0 = Release|Any CPU
	EndGlobalSection
	GlobalSection(SolutionProperties) = preSolution
		HideSolutionNode = FALSE
	EndGlobalSection
	GlobalSection(ExtensibilityGlobals) = postSolution
		SolutionGuid = {3F493806-59D3-4FD3-8D91-14AF22E79232}
	EndGlobalSection
EndGlobal
